
Microsoft Visual Studio Solution File, Format Version 12.00
# Visual Studio Version 16
VisualStudioVersion = 16.0.30804.86
MinimumVisualStudioVersion = 10.0.40219.1
Project("{9A19103F-16F7-4668-BE54-9A1E7A4F7556}") = "DataAccess", "DataAccess\DataAccess.csproj", "{97CC77D0-94DF-4E74-BAB8-6AA3A7C2395B}"
EndProject
Project("{9A19103F-16F7-4668-BE54-9A1E7A4F7556}") = "Business", "Business\Business.csproj", "{27698011-B873-4720-9FC0-420ABF0783B6}"
EndProject
Project("{9A19103F-16F7-4668-BE54-9A1E7A4F7556}") = "Entities", "Entities\Entities.csproj", "{A0808592-2C14-4E44-9DDE-9B0DF192C014}"
EndProject
Project("{9A19103F-16F7-4668-BE54-9A1E7A4F7556}") = "ConsoleUI", "ConsoleUI\ConsoleUI.csproj", "{C495A429-283C-4298-AF53-7691B563F98A}"
EndProject
Project("{9A19103F-16F7-4668-BE54-9A1E7A4F7556}") = "Core", "Core\Core.csproj", "{F353924B-64B9-4F7F-BB83-18C56C5459EE}"
EndProject
Global
	GlobalSection(SolutionConfigurationPlatforms) = preSolution
		Debug|Any CPU = Debug|Any CPU
		Release|Any CPU = Release|Any CPU
	EndGlobalSection
	GlobalSection(ProjectConfigurationPlatforms) = postSolution
		{97CC77D0-94DF-4E74-BAB8-6AA3A7C2395B}.Debug|Any CPU.ActiveCfg = Debug|Any CPU
		{97CC77D0-94DF-4E74-BAB8-6AA3A7C2395B}.Debug|Any CPU.Build.0 = Debug|Any CPU
		{97CC77D0-94DF-4E74-BAB8-6AA3A7C2395B}.Release|Any CPU.ActiveCfg = Release|Any CPU
		{97CC77D0-94DF-4E74-BAB8-6AA3A7C2395B}.Release|Any CPU.Build.0 = Release|Any CPU
		{27698011-B873-4720-9FC0-420ABF0783B6}.Debug|Any CPU.ActiveCfg = Debug|Any CPU
		{27698011-B873-4720-9FC0-420ABF0783B6}.Debug|Any CPU.Build.0 = Debug|Any CPU
		{27698011-B873-4720-9FC0-420ABF0783B6}.Release|Any CPU.ActiveCfg = Release|Any CPU
		{27698011-B873-4720-9FC0-420ABF0783B6}.Release|Any CPU.Build.0 = Release|Any CPU
		{A0808592-2C14-4E44-9DDE-9B0DF192C014}.Debug|Any CPU.ActiveCfg = Debug|Any CPU
		{A0808592-2C14-4E44-9DDE-9B0DF192C014}.Debug|Any CPU.Build.0 = Debug|Any CPU
		{A0808592-2C14-4E44-9DDE-9B0DF192C014}.Release|Any CPU.ActiveCfg = Release|Any CPU
		{A0808592-2C14-4E44-9DDE-9B0DF192C014}.Release|Any CPU.Build.0 = Release|Any CPU
		{C495A429-283C-4298-AF53-7691B563F98A}.Debug|Any CPU.ActiveCfg = Debug|Any CPU
		{C495A429-283C-4298-AF53-7691B563F98A}.Debug|Any CPU.Build.0 = Debug|Any CPU
		{C495A429-283C-4298-AF53-7691B563F98A}.Release|Any CPU.ActiveCfg = Release|Any CPU
		{C495A429-283C-4298-AF53-7691B563F98A}.Release|Any CPU.Build.0 = Release|Any CPU
		{F353924B-64B9-4F7F-BB83-18C56C5459EE}.Debug|Any CPU.ActiveCfg = Debug|Any CPU
		{F353924B-64B9-4F7F-BB83-18C56C5459EE}.Debug|Any CPU.Build.0 = Debug|Any CPU
		{F353924B-64B9-4F7F-BB83-18C56C5459EE}.Release|Any CPU.ActiveCfg = Release|Any CPU
		{F353924B-64B9-4F7F-BB83-18C56C5459EE}.Release|Any CPU.Build.0 = Release|Any CPU
	EndGlobalSection
	GlobalSection(SolutionProperties) = preSolution
		HideSolutionNode = FALSE
	EndGlobalSection
	GlobalSection(ExtensibilityGlobals) = postSolution
		SolutionGuid = {949B8D95-0008-47FF-831A-216AD02F0456}
	EndGlobalSection
EndGlobal
